// !$*UTF8*$!
{
	archiveVersion = 1;
	classes = {
	};
	objectVersion = 48;
	objects = {

/* Begin PBXBuildFile section */
		6A8F311520633CC200ACB69E /* PaintViewController.swift in Sources */ = {isa = PBXBuildFile; fileRef = 6A8F311420633CC200ACB69E /* PaintViewController.swift */; };
		6A8F31172063496A00ACB69E /* RegistroViewController.swift in Sources */ = {isa = PBXBuildFile; fileRef = 6A8F31162063496A00ACB69E /* RegistroViewController.swift */; };
		6ABA7EF72065496500788667 /* Usuario.swift in Sources */ = {isa = PBXBuildFile; fileRef = 6ABA7EF62065496500788667 /* Usuario.swift */; };
		6ABA7EF92065837A00788667 /* SlideHorSegue.swift in Sources */ = {isa = PBXBuildFile; fileRef = 6ABA7EF82065837900788667 /* SlideHorSegue.swift */; };
		FBEF1F652061642E0023B476 /* AppDelegate.swift in Sources */ = {isa = PBXBuildFile; fileRef = FBEF1F642061642E0023B476 /* AppDelegate.swift */; };
		FBEF1F672061642E0023B476 /* ViewController.swift in Sources */ = {isa = PBXBuildFile; fileRef = FBEF1F662061642E0023B476 /* ViewController.swift */; };
		FBEF1F6A2061642E0023B476 /* Main.storyboard in Resources */ = {isa = PBXBuildFile; fileRef = FBEF1F682061642E0023B476 /* Main.storyboard */; };
		FBEF1F6D2061642E0023B476 /* Agence.xcdatamodeld in Sources */ = {isa = PBXBuildFile; fileRef = FBEF1F6B2061642E0023B476 /* Agence.xcdatamodeld */; };
		FBEF1F6F2061642E0023B476 /* Assets.xcassets in Resources */ = {isa = PBXBuildFile; fileRef = FBEF1F6E2061642E0023B476 /* Assets.xcassets */; };
		FBEF1F722061642E0023B476 /* LaunchScreen.storyboard in Resources */ = {isa = PBXBuildFile; fileRef = FBEF1F702061642E0023B476 /* LaunchScreen.storyboard */; };
		FBEF1F882061642E0023B476 /* AgenceUITests.swift in Sources */ = {isa = PBXBuildFile; fileRef = FBEF1F872061642E0023B476 /* AgenceUITests.swift */; };
		FBEF1F96206165E70023B476 /* CanvasView.swift in Sources */ = {isa = PBXBuildFile; fileRef = FBEF1F95206165E70023B476 /* CanvasView.swift */; };
/* End PBXBuildFile section */

/* Begin PBXContainerItemProxy section */
		FBEF1F792061642E0023B476 /* PBXContainerItemProxy */ = {
			isa = PBXContainerItemProxy;
			containerPortal = FBEF1F592061642E0023B476 /* Project object */;
			proxyType = 1;
			remoteGlobalIDString = FBEF1F602061642E0023B476;
			remoteInfo = Agence;
		};
		FBEF1F842061642E0023B476 /* PBXContainerItemProxy */ = {
			isa = PBXContainerItemProxy;
			containerPortal = FBEF1F592061642E0023B476 /* Project object */;
			proxyType = 1;
			remoteGlobalIDString = FBEF1F602061642E0023B476;
			remoteInfo = Agence;
		};
/* End PBXContainerItemProxy section */

/* Begin PBXFileReference section */
		6A8F311420633CC200ACB69E /* PaintViewController.swift */ = {isa = PBXFileReference; lastKnownFileType = sourcecode.swift; path = PaintViewController.swift; sourceTree = "<group>"; };
		6A8F31162063496A00ACB69E /* RegistroViewController.swift */ = {isa = PBXFileReference; lastKnownFileType = sourcecode.swift; path = RegistroViewController.swift; sourceTree = "<group>"; };
		6ABA7EF62065496500788667 /* Usuario.swift */ = {isa = PBXFileReference; lastKnownFileType = sourcecode.swift; path = Usuario.swift; sourceTree = "<group>"; };
		6ABA7EF82065837900788667 /* SlideHorSegue.swift */ = {isa = PBXFileReference; lastKnownFileType = sourcecode.swift; path = SlideHorSegue.swift; sourceTree = "<group>"; };
		FBEF1F612061642E0023B476 /* Agence.app */ = {isa = PBXFileReference; explicitFileType = wrapper.application; includeInIndex = 0; path = Agence.app; sourceTree = BUILT_PRODUCTS_DIR; };
		FBEF1F642061642E0023B476 /* AppDelegate.swift */ = {isa = PBXFileReference; lastKnownFileType = sourcecode.swift; path = AppDelegate.swift; sourceTree = "<group>"; };
		FBEF1F662061642E0023B476 /* ViewController.swift */ = {isa = PBXFileReference; lastKnownFileType = sourcecode.swift; path = ViewController.swift; sourceTree = "<group>"; };
		FBEF1F692061642E0023B476 /* Base */ = {isa = PBXFileReference; lastKnownFileType = file.storyboard; name = Base; path = Base.lproj/Main.storyboard; sourceTree = "<group>"; };
		FBEF1F6C2061642E0023B476 /* Agence.xcdatamodel */ = {isa = PBXFileReference; lastKnownFileType = wrapper.xcdatamodel; path = Agence.xcdatamodel; sourceTree = "<group>"; };
		FBEF1F6E2061642E0023B476 /* Assets.xcassets */ = {isa = PBXFileReference; lastKnownFileType = folder.assetcatalog; path = Assets.xcassets; sourceTree = "<group>"; };
		FBEF1F712061642E0023B476 /* Base */ = {isa = PBXFileReference; lastKnownFileType = file.storyboard; name = Base; path = Base.lproj/LaunchScreen.storyboard; sourceTree = "<group>"; };
		FBEF1F732061642E0023B476 /* Info.plist */ = {isa = PBXFileReference; lastKnownFileType = text.plist.xml; path = Info.plist; sourceTree = "<group>"; };
		FBEF1F782061642E0023B476 /* AgenceTests.xctest */ = {isa = PBXFileReference; explicitFileType = wrapper.cfbundle; includeInIndex = 0; path = AgenceTests.xctest; sourceTree = BUILT_PRODUCTS_DIR; };
		FBEF1F832061642E0023B476 /* AgenceUITests.xctest */ = {isa = PBXFileReference; explicitFileType = wrapper.cfbundle; includeInIndex = 0; path = AgenceUITests.xctest; sourceTree = BUILT_PRODUCTS_DIR; };
		FBEF1F872061642E0023B476 /* AgenceUITests.swift */ = {isa = PBXFileReference; lastKnownFileType = sourcecode.swift; path = AgenceUITests.swift; sourceTree = "<group>"; };
		FBEF1F892061642E0023B476 /* Info.plist */ = {isa = PBXFileReference; lastKnownFileType = text.plist.xml; path = Info.plist; sourceTree = "<group>"; };
		FBEF1F95206165E70023B476 /* CanvasView.swift */ = {isa = PBXFileReference; lastKnownFileType = sourcecode.swift; path = CanvasView.swift; sourceTree = "<group>"; };
/* End PBXFileReference section */

/* Begin PBXFrameworksBuildPhase section */
		FBEF1F5E2061642E0023B476 /* Frameworks */ = {
			isa = PBXFrameworksBuildPhase;
			buildActionMask = 2147483647;
			files = (
			);
			runOnlyForDeploymentPostprocessing = 0;
		};
		FBEF1F752061642E0023B476 /* Frameworks */ = {
			isa = PBXFrameworksBuildPhase;
			buildActionMask = 2147483647;
			files = (
			);
			runOnlyForDeploymentPostprocessing = 0;
		};
		FBEF1F802061642E0023B476 /* Frameworks */ = {
			isa = PBXFrameworksBuildPhase;
			buildActionMask = 2147483647;
			files = (
			);
			runOnlyForDeploymentPostprocessing = 0;
		};
/* End PBXFrameworksBuildPhase section */

/* Begin PBXGroup section */
		FBEF1F582061642E0023B476 = {
			isa = PBXGroup;
			children = (
				FBEF1F632061642E0023B476 /* Agence */,
				FBEF1F862061642E0023B476 /* AgenceUITests */,
				FBEF1F622061642E0023B476 /* Products */,
			);
			sourceTree = "<group>";
		};
		FBEF1F622061642E0023B476 /* Products */ = {
			isa = PBXGroup;
			children = (
				FBEF1F612061642E0023B476 /* Agence.app */,
				FBEF1F782061642E0023B476 /* AgenceTests.xctest */,
				FBEF1F832061642E0023B476 /* AgenceUITests.xctest */,
			);
			name = Products;
			sourceTree = "<group>";
		};
		FBEF1F632061642E0023B476 /* Agence */ = {
			isa = PBXGroup;
			children = (
				FBEF1F642061642E0023B476 /* AppDelegate.swift */,
				FBEF1F662061642E0023B476 /* ViewController.swift */,
				FBEF1F95206165E70023B476 /* CanvasView.swift */,
				6ABA7EF62065496500788667 /* Usuario.swift */,
				FBEF1F682061642E0023B476 /* Main.storyboard */,
				6ABA7EF82065837900788667 /* SlideHorSegue.swift */,
				6A8F31162063496A00ACB69E /* RegistroViewController.swift */,
				6A8F311420633CC200ACB69E /* PaintViewController.swift */,
				FBEF1F6E2061642E0023B476 /* Assets.xcassets */,
				FBEF1F702061642E0023B476 /* LaunchScreen.storyboard */,
				FBEF1F732061642E0023B476 /* Info.plist */,
				FBEF1F6B2061642E0023B476 /* Agence.xcdatamodeld */,
			);
			path = Agence;
			sourceTree = "<group>";
		};
		FBEF1F862061642E0023B476 /* AgenceUITests */ = {
			isa = PBXGroup;
			children = (
				FBEF1F872061642E0023B476 /* AgenceUITests.swift */,
				FBEF1F892061642E0023B476 /* Info.plist */,
			);
			path = AgenceUITests;
			sourceTree = "<group>";
		};
/* End PBXGroup section */

/* Begin PBXNativeTarget section */
		FBEF1F602061642E0023B476 /* Agence */ = {
			isa = PBXNativeTarget;
			buildConfigurationList = FBEF1F8C2061642E0023B476 /* Build configuration list for PBXNativeTarget "Agence" */;
			buildPhases = (
				FBEF1F5D2061642E0023B476 /* Sources */,
				FBEF1F5E2061642E0023B476 /* Frameworks */,
				FBEF1F5F2061642E0023B476 /* Resources */,
			);
			buildRules = (
			);
			dependencies = (
			);
			name = Agence;
			productName = Agence;
			productReference = FBEF1F612061642E0023B476 /* Agence.app */;
			productType = "com.apple.product-type.application";
		};
		FBEF1F772061642E0023B476 /* AgenceTests */ = {
			isa = PBXNativeTarget;
			buildConfigurationList = FBEF1F8F2061642E0023B476 /* Build configuration list for PBXNativeTarget "AgenceTests" */;
			buildPhases = (
				FBEF1F742061642E0023B476 /* Sources */,
				FBEF1F752061642E0023B476 /* Frameworks */,
				FBEF1F762061642E0023B476 /* Resources */,
			);
			buildRules = (
			);
			dependencies = (
				FBEF1F7A2061642E0023B476 /* PBXTargetDependency */,
			);
			name = AgenceTests;
			productName = AgenceTests;
			productReference = FBEF1F782061642E0023B476 /* AgenceTests.xctest */;
			productType = "com.apple.product-type.bundle.unit-test";
		};
		FBEF1F822061642E0023B476 /* AgenceUITests */ = {
			isa = PBXNativeTarget;
			buildConfigurationList = FBEF1F922061642E0023B476 /* Build configuration list for PBXNativeTarget "AgenceUITests" */;
			buildPhases = (
				FBEF1F7F2061642E0023B476 /* Sources */,
				FBEF1F802061642E0023B476 /* Frameworks */,
				FBEF1F812061642E0023B476 /* Resources */,
			);
			buildRules = (
			);
			dependencies = (
				FBEF1F852061642E0023B476 /* PBXTargetDependency */,
			);
			name = AgenceUITests;
			productName = AgenceUITests;
			productReference = FBEF1F832061642E0023B476 /* AgenceUITests.xctest */;
			productType = "com.apple.product-type.bundle.ui-testing";
		};
/* End PBXNativeTarget section */

/* Begin PBXProject section */
		FBEF1F592061642E0023B476 /* Project object */ = {
			isa = PBXProject;
			attributes = {
				LastSwiftUpdateCheck = 0920;
				LastUpgradeCheck = 0920;
				ORGANIZATIONNAME = "Gerardo Lupa";
				TargetAttributes = {
					FBEF1F602061642E0023B476 = {
						CreatedOnToolsVersion = 9.2;
						ProvisioningStyle = Automatic;
					};
					FBEF1F772061642E0023B476 = {
						CreatedOnToolsVersion = 9.2;
						ProvisioningStyle = Automatic;
						TestTargetID = FBEF1F602061642E0023B476;
					};
					FBEF1F822061642E0023B476 = {
						CreatedOnToolsVersion = 9.2;
						ProvisioningStyle = Automatic;
						TestTargetID = FBEF1F602061642E0023B476;
					};
				};
			};
			buildConfigurationList = FBEF1F5C2061642E0023B476 /* Build configuration list for PBXProject "Agence" */;
			compatibilityVersion = "Xcode 8.0";
			developmentRegion = en;
			hasScannedForEncodings = 0;
			knownRegions = (
				en,
				Base,
			);
			mainGroup = FBEF1F582061642E0023B476;
			productRefGroup = FBEF1F622061642E0023B476 /* Products */;
			projectDirPath = "";
			projectRoot = "";
			targets = (
				FBEF1F602061642E0023B476 /* Agence */,
				FBEF1F772061642E0023B476 /* AgenceTests */,
				FBEF1F822061642E0023B476 /* AgenceUITests */,
			);
		};
/* End PBXProject section */

/* Begin PBXResourcesBuildPhase section */
		FBEF1F5F2061642E0023B476 /* Resources */ = {
			isa = PBXResourcesBuildPhase;
			buildActionMask = 2147483647;
			files = (
				FBEF1F722061642E0023B476 /* LaunchScreen.storyboard in Resources */,
				FBEF1F6F2061642E0023B476 /* Assets.xcassets in Resources */,
				FBEF1F6A2061642E0023B476 /* Main.storyboard in Resources */,
			);
			runOnlyForDeploymentPostprocessing = 0;
		};
		FBEF1F762061642E0023B476 /* Resources */ = {
			isa = PBXResourcesBuildPhase;
			buildActionMask = 2147483647;
			files = (
			);
			runOnlyForDeploymentPostprocessing = 0;
		};
		FBEF1F812061642E0023B476 /* Resources */ = {
			isa = PBXResourcesBuildPhase;
			buildActionMask = 2147483647;
			files = (
			);
			runOnlyForDeploymentPostprocessing = 0;
		};
/* End PBXResourcesBuildPhase section */

/* Begin PBXSourcesBuildPhase section */
		FBEF1F5D2061642E0023B476 /* Sources */ = {
			isa = PBXSourcesBuildPhase;
			buildActionMask = 2147483647;
			files = (
				FBEF1F6D2061642E0023B476 /* Agence.xcdatamodeld in Sources */,
				6ABA7EF92065837A00788667 /* SlideHorSegue.swift in Sources */,
				6A8F31172063496A00ACB69E /* RegistroViewController.swift in Sources */,
				6ABA7EF72065496500788667 /* Usuario.swift in Sources */,
				FBEF1F672061642E0023B476 /* ViewController.swift in Sources */,
				FBEF1F96206165E70023B476 /* CanvasView.swift in Sources */,
				FBEF1F652061642E0023B476 /* AppDelegate.swift in Sources */,
				6A8F311520633CC200ACB69E /* PaintViewController.swift in Sources */,
			);
			runOnlyForDeploymentPostprocessing = 0;
		};
		FBEF1F742061642E0023B476 /* Sources */ = {
			isa = PBXSourcesBuildPhase;
			buildActionMask = 2147483647;
			files = (
			);
			runOnlyForDeploymentPostprocessing = 0;
		};
		FBEF1F7F2061642E0023B476 /* Sources */ = {
			isa = PBXSourcesBuildPhase;
			buildActionMask = 2147483647;
			files = (
				FBEF1F882061642E0023B476 /* AgenceUITests.swift in Sources */,
			);
			runOnlyForDeploymentPostprocessing = 0;
		};
/* End PBXSourcesBuildPhase section */

/* Begin PBXTargetDependency section */
		FBEF1F7A2061642E0023B476 /* PBXTargetDependency */ = {
			isa = PBXTargetDependency;
			target = FBEF1F602061642E0023B476 /* Agence */;
			targetProxy = FBEF1F792061642E0023B476 /* PBXContainerItemProxy */;
		};
		FBEF1F852061642E0023B476 /* PBXTargetDependency */ = {
			isa = PBXTargetDependency;
			target = FBEF1F602061642E0023B476 /* Agence */;
			targetProxy = FBEF1F842061642E0023B476 /* PBXContainerItemProxy */;
		};
/* End PBXTargetDependency section */

/* Begin PBXVariantGroup section */
		FBEF1F682061642E0023B476 /* Main.storyboard */ = {
			isa = PBXVariantGroup;
			children = (
				FBEF1F692061642E0023B476 /* Base */,
			);
			name = Main.storyboard;
			sourceTree = "<group>";
		};
		FBEF1F702061642E0023B476 /* LaunchScreen.storyboard */ = {
			isa = PBXVariantGroup;
			children = (
				FBEF1F712061642E0023B476 /* Base */,
			);
			name = LaunchScreen.storyboard;
			sourceTree = "<group>";
		};
/* End PBXVariantGroup section */

/* Begin XCBuildConfiguration section */
		FBEF1F8A2061642E0023B476 /* Debug */ = {
			isa = XCBuildConfiguration;
			buildSettings = {
				ALWAYS_SEARCH_USER_PATHS = NO;
				CLANG_ANALYZER_NONNULL = YES;
				CLANG_ANALYZER_NUMBER_OBJECT_CONVERSION = YES_AGGRESSIVE;
				CLANG_CXX_LANGUAGE_STANDARD = "gnu++14";
				CLANG_CXX_LIBRARY = "libc++";
				CLANG_ENABLE_MODULES = YES;
				CLANG_ENABLE_OBJC_ARC = YES;
				CLANG_WARN_BLOCK_CAPTURE_AUTORELEASING = YES;
				CLANG_WARN_BOOL_CONVERSION = YES;
				CLANG_WARN_COMMA = YES;
				CLANG_WARN_CONSTANT_CONVERSION = YES;
				CLANG_WARN_DIRECT_OBJC_ISA_USAGE = YES_ERROR;
				CLANG_WARN_DOCUMENTATION_COMMENTS = YES;
				CLANG_WARN_EMPTY_BODY = YES;
				CLANG_WARN_ENUM_CONVERSION = YES;
				CLANG_WARN_INFINITE_RECURSION = YES;
				CLANG_WARN_INT_CONVERSION = YES;
				CLANG_WARN_NON_LITERAL_NULL_CONVERSION = YES;
				CLANG_WARN_OBJC_LITERAL_CONVERSION = YES;
				CLANG_WARN_OBJC_ROOT_CLASS = YES_ERROR;
				CLANG_WARN_RANGE_LOOP_ANALYSIS = YES;
				CLANG_WARN_STRICT_PROTOTYPES = YES;
				CLANG_WARN_SUSPICIOUS_MOVE = YES;
				CLANG_WARN_UNGUARDED_AVAILABILITY = YES_AGGRESSIVE;
				CLANG_WARN_UNREACHABLE_CODE = YES;
				CLANG_WARN__DUPLICATE_METHOD_MATCH = YES;
				CODE_SIGN_IDENTITY = "iPhone Developer";
				COPY_PHASE_STRIP = NO;
				DEBUG_INFORMATION_FORMAT = dwarf;
				ENABLE_STRICT_OBJC_MSGSEND = YES;
				ENABLE_TESTABILITY = YES;
				GCC_C_LANGUAGE_STANDARD = gnu11;
				GCC_DYNAMIC_NO_PIC = NO;
				GCC_NO_COMMON_BLOCKS = YES;
				GCC_OPTIMIZATION_LEVEL = 0;
				GCC_PREPROCESSOR_DEFINITIONS = (
					"DEBUG=1",
					"$(inherited)",
				);
				GCC_WARN_64_TO_32_BIT_CONVERSION = YES;
				GCC_WARN_ABOUT_RETURN_TYPE = YES_ERROR;
				GCC_WARN_UNDECLARED_SELECTOR = YES;
				GCC_WARN_UNINITIALIZED_AUTOS = YES_AGGRESSIVE;
				GCC_WARN_UNUSED_FUNCTION = YES;
				GCC_WARN_UNUSED_VARIABLE = YES;
				IPHONEOS_DEPLOYMENT_TARGET = 11.2;
				MTL_ENABLE_DEBUG_INFO = YES;
				ONLY_ACTIVE_ARCH = YES;
				SDKROOT = iphoneos;
				SWIFT_ACTIVE_COMPILATION_CONDITIONS = DEBUG;
				SWIFT_OPTIMIZATION_LEVEL = "-Onone";
				SWIFT_VERSION = 3.0;
			};
			name = Debug;
		};
		FBEF1F8B2061642E0023B476 /* Release */ = {
			isa = XCBuildConfiguration;
			buildSettings = {
				ALWAYS_SEARCH_USER_PATHS = NO;
				CLANG_ANALYZER_NONNULL = YES;
				CLANG_ANALYZER_NUMBER_OBJECT_CONVERSION = YES_AGGRESSIVE;
				CLANG_CXX_LANGUAGE_STANDARD = "gnu++14";
				CLANG_CXX_LIBRARY = "libc++";
				CLANG_ENABLE_MODULES = YES;
				CLANG_ENABLE_OBJC_ARC = YES;
				CLANG_WARN_BLOCK_CAPTURE_AUTORELEASING = YES;
				CLANG_WARN_BOOL_CONVERSION = YES;
				CLANG_WARN_COMMA = YES;
				CLANG_WARN_CONSTANT_CONVERSION = YES;
				CLANG_WARN_DIRECT_OBJC_ISA_USAGE = YES_ERROR;
				CLANG_WARN_DOCUMENTATION_COMMENTS = YES;
				CLANG_WARN_EMPTY_BODY = YES;
				CLANG_WARN_ENUM_CONVERSION = YES;
				CLANG_WARN_INFINITE_RECURSION = YES;
				CLANG_WARN_INT_CONVERSION = YES;
				CLANG_WARN_NON_LITERAL_NULL_CONVERSION = YES;
				CLANG_WARN_OBJC_LITERAL_CONVERSION = YES;
				CLANG_WARN_OBJC_ROOT_CLASS = YES_ERROR;
				CLANG_WARN_RANGE_LOOP_ANALYSIS = YES;
				CLANG_WARN_STRICT_PROTOTYPES = YES;
				CLANG_WARN_SUSPICIOUS_MOVE = YES;
				CLANG_WARN_UNGUARDED_AVAILABILITY = YES_AGGRESSIVE;
				CLANG_WARN_UNREACHABLE_CODE = YES;
				CLANG_WARN__DUPLICATE_METHOD_MATCH = YES;
				CODE_SIGN_IDENTITY = "iPhone Developer";
				COPY_PHASE_STRIP = NO;
				DEBUG_INFORMATION_FORMAT = "dwarf-with-dsym";
				ENABLE_NS_ASSERTIONS = NO;
				ENABLE_STRICT_OBJC_MSGSEND = YES;
				GCC_C_LANGUAGE_STANDARD = gnu11;
				GCC_NO_COMMON_BLOCKS = YES;
				GCC_WARN_64_TO_32_BIT_CONVERSION = YES;
				GCC_WARN_ABOUT_RETURN_TYPE = YES_ERROR;
				GCC_WARN_UNDECLARED_SELECTOR = YES;
				GCC_WARN_UNINITIALIZED_AUTOS = YES_AGGRESSIVE;
				GCC_WARN_UNUSED_FUNCTION = YES;
				GCC_WARN_UNUSED_VARIABLE = YES;
				IPHONEOS_DEPLOYMENT_TARGET = 11.2;
				MTL_ENABLE_DEBUG_INFO = NO;
				SDKROOT = iphoneos;
				SWIFT_OPTIMIZATION_LEVEL = "-Owholemodule";
				SWIFT_VERSION = 3.0;
				VALIDATE_PRODUCT = YES;
			};
			name = Release;
		};
		FBEF1F8D2061642E0023B476 /* Debug */ = {
			isa = XCBuildConfiguration;
			buildSettings = {
				ASSETCATALOG_COMPILER_APPICON_NAME = AppIcon;
				CODE_SIGN_STYLE = Automatic;
				DEVELOPMENT_TEAM = LQ5448YA57;
				INFOPLIST_FILE = Agence/Info.plist;
				IPHONEOS_DEPLOYMENT_TARGET = 10.3;
				LD_RUNPATH_SEARCH_PATHS = "$(inherited) @executable_path/Frameworks";
				PRODUCT_BUNDLE_IDENTIFIER = cl.gerardolupa.ios.Agence;
				PRODUCT_NAME = "$(TARGET_NAME)";
				SWIFT_VERSION = 3.0;
				TARGETED_DEVICE_FAMILY = "1,2";
			};
			name = Debug;
		};
		FBEF1F8E2061642E0023B476 /* Release */ = {
			isa = XCBuildConfiguration;
			buildSettings = {
				ASSETCATALOG_COMPILER_APPICON_NAME = AppIcon;
				CODE_SIGN_STYLE = Automatic;
				DEVELOPMENT_TEAM = LQ5448YA57;
				INFOPLIST_FILE = Agence/Info.plist;
				IPHONEOS_DEPLOYMENT_TARGET = 10.3;
				LD_RUNPATH_SEARCH_PATHS = "$(inherited) @executable_path/Frameworks";
				PRODUCT_BUNDLE_IDENTIFIER = cl.gerardolupa.ios.Agence;
				PRODUCT_NAME = "$(TARGET_NAME)";
				SWIFT_VERSION = 3.0;
				TARGETED_DEVICE_FAMILY = "1,2";
			};
			name = Release;
		};
		FBEF1F902061642E0023B476 /* Debug */ = {
			isa = XCBuildConfiguration;
			buildSettings = {
				ALWAYS_EMBED_SWIFT_STANDARD_LIBRARIES = YES;
				BUNDLE_LOADER = "$(TEST_HOST)";
				CODE_SIGN_STYLE = Automatic;
				DEVELOPMENT_TEAM = LQ5448YA57;
				INFOPLIST_FILE = AgenceTests/Info.plist;
				LD_RUNPATH_SEARCH_PATHS = "$(inherited) @executable_path/Frameworks @loader_path/Frameworks";
				PRODUCT_BUNDLE_IDENTIFIER = cl.gerardolupa.ios.AgenceTests;
				PRODUCT_NAME = "$(TARGET_NAME)";
				SWIFT_VERSION = 4.0;
				TARGETED_DEVICE_FAMILY = "1,2";
				TEST_HOST = "$(BUILT_PRODUCTS_DIR)/Agence.app/Agence";
			};
			name = Debug;
		};
		FBEF1F912061642E0023B476 /* Release */ = {
			isa = XCBuildConfiguration;
			buildSettings = {
				ALWAYS_EMBED_SWIFT_STANDARD_LIBRARIES = YES;
				BUNDLE_LOADER = "$(TEST_HOST)";
				CODE_SIGN_STYLE = Automatic;
				DEVELOPMENT_TEAM = LQ5448YA57;
				INFOPLIST_FILE = AgenceTests/Info.plist;
				LD_RUNPATH_SEARCH_PATHS = "$(inherited) @executable_path/Frameworks @loader_path/Frameworks";
				PRODUCT_BUNDLE_IDENTIFIER = cl.gerardolupa.ios.AgenceTests;
				PRODUCT_NAME = "$(TARGET_NAME)";
				SWIFT_VERSION = 4.0;
				TARGETED_DEVICE_FAMILY = "1,2";
				TEST_HOST = "$(BUILT_PRODUCTS_DIR)/Agence.app/Agence";
			};
			name = Release;
		};
		FBEF1F932061642E0023B476 /* Debug */ = {
			isa = XCBuildConfiguration;
			buildSettings = {
				ALWAYS_EMBED_SWIFT_STANDARD_LIBRARIES = YES;
				CODE_SIGN_STYLE = Automatic;
				DEVELOPMENT_TEAM = LQ5448YA57;
				INFOPLIST_FILE = AgenceUITests/Info.plist;
				LD_RUNPATH_SEARCH_PATHS = "$(inherited) @executable_path/Frameworks @loader_path/Frameworks";
				PRODUCT_BUNDLE_IDENTIFIER = cl.gerardolupa.ios.AgenceUITests;
				PRODUCT_NAME = "$(TARGET_NAME)";
				SWIFT_VERSION = 4.0;
				TARGETED_DEVICE_FAMILY = "1,2";
				TEST_TARGET_NAME = Agence;
			};
			name = Debug;
		};
		FBEF1F942061642E0023B476 /* Release */ = {
			isa = XCBuildConfiguration;
			buildSettings = {
				ALWAYS_EMBED_SWIFT_STANDARD_LIBRARIES = YES;
				CODE_SIGN_STYLE = Automatic;
				DEVELOPMENT_TEAM = LQ5448YA57;
				INFOPLIST_FILE = AgenceUITests/Info.plist;
				LD_RUNPATH_SEARCH_PATHS = "$(inherited) @executable_path/Frameworks @loader_path/Frameworks";
				PRODUCT_BUNDLE_IDENTIFIER = cl.gerardolupa.ios.AgenceUITests;
				PRODUCT_NAME = "$(TARGET_NAME)";
				SWIFT_VERSION = 4.0;
				TARGETED_DEVICE_FAMILY = "1,2";
				TEST_TARGET_NAME = Agence;
			};
			name = Release;
		};
/* End XCBuildConfiguration section */

/* Begin XCConfigurationList section */
		FBEF1F5C2061642E0023B476 /* Build configuration list for PBXProject "Agence" */ = {
			isa = XCConfigurationList;
			buildConfigurations = (
				FBEF1F8A2061642E0023B476 /* Debug */,
				FBEF1F8B2061642E0023B476 /* Release */,
			);
			defaultConfigurationIsVisible = 0;
			defaultConfigurationName = Release;
		};
		FBEF1F8C2061642E0023B476 /* Build configuration list for PBXNativeTarget "Agence" */ = {
			isa = XCConfigurationList;
			buildConfigurations = (
				FBEF1F8D2061642E0023B476 /* Debug */,
				FBEF1F8E2061642E0023B476 /* Release */,
			);
			defaultConfigurationIsVisible = 0;
			defaultConfigurationName = Release;
		};
		FBEF1F8F2061642E0023B476 /* Build configuration list for PBXNativeTarget "AgenceTests" */ = {
			isa = XCConfigurationList;
			buildConfigurations = (
				FBEF1F902061642E0023B476 /* Debug */,
				FBEF1F912061642E0023B476 /* Release */,
			);
			defaultConfigurationIsVisible = 0;
			defaultConfigurationName = Release;
		};
		FBEF1F922061642E0023B476 /* Build configuration list for PBXNativeTarget "AgenceUITests" */ = {
			isa = XCConfigurationList;
			buildConfigurations = (
				FBEF1F932061642E0023B476 /* Debug */,
				FBEF1F942061642E0023B476 /* Release */,
			);
			defaultConfigurationIsVisible = 0;
			defaultConfigurationName = Release;
		};
/* End XCConfigurationList section */

/* Begin XCVersionGroup section */
		FBEF1F6B2061642E0023B476 /* Agence.xcdatamodeld */ = {
			isa = XCVersionGroup;
			children = (
				FBEF1F6C2061642E0023B476 /* Agence.xcdatamodel */,
			);
			currentVersion = FBEF1F6C2061642E0023B476 /* Agence.xcdatamodel */;
			path = Agence.xcdatamodeld;
			sourceTree = "<group>";
			versionGroupType = wrapper.xcdatamodel;
		};
/* End XCVersionGroup section */
	};
	rootObject = FBEF1F592061642E0023B476 /* Project object */;
}
